// !$*UTF8*$!
{
	archiveVersion = 1;
	classes = {
	};
	objectVersion = 46;
	objects = {

/* Begin PBXBuildFile section */
		641AE17E1ABD0AF20003ADAA /* Coin.m in Sources */ = {isa = PBXBuildFile; fileRef = 641AE17D1ABD0AF20003ADAA /* Coin.m */; };
		647E90EF1ACAEA06008D975B /* United Kingdom.png in Resources */ = {isa = PBXBuildFile; fileRef = 647E90E21ACAEA06008D975B /* United Kingdom.png */; };
		647E90F01ACAEA06008D975B /* Austria.png in Resources */ = {isa = PBXBuildFile; fileRef = 647E90E31ACAEA06008D975B /* Austria.png */; };
		647E90F11ACAEA06008D975B /* Belgium.png in Resources */ = {isa = PBXBuildFile; fileRef = 647E90E41ACAEA06008D975B /* Belgium.png */; };
		647E90F21ACAEA06008D975B /* Canada.png in Resources */ = {isa = PBXBuildFile; fileRef = 647E90E51ACAEA06008D975B /* Canada.png */; };
		647E90F31ACAEA06008D975B /* France.png in Resources */ = {isa = PBXBuildFile; fileRef = 647E90E61ACAEA06008D975B /* France.png */; };
		647E90F41ACAEA06008D975B /* Germany.png in Resources */ = {isa = PBXBuildFile; fileRef = 647E90E71ACAEA06008D975B /* Germany.png */; };
		647E90F51ACAEA06008D975B /* Greece.png in Resources */ = {isa = PBXBuildFile; fileRef = 647E90E81ACAEA06008D975B /* Greece.png */; };
		647E90F61ACAEA06008D975B /* Ireland.png in Resources */ = {isa = PBXBuildFile; fileRef = 647E90E91ACAEA06008D975B /* Ireland.png */; };
		647E90F71ACAEA06008D975B /* Mexico.png in Resources */ = {isa = PBXBuildFile; fileRef = 647E90EA1ACAEA06008D975B /* Mexico.png */; };
		647E90F81ACAEA06008D975B /* Panama.png in Resources */ = {isa = PBXBuildFile; fileRef = 647E90EB1ACAEA06008D975B /* Panama.png */; };
		647E90F91ACAEA06008D975B /* Phillipines.png in Resources */ = {isa = PBXBuildFile; fileRef = 647E90EC1ACAEA06008D975B /* Phillipines.png */; };
		647E90FA1ACAEA06008D975B /* Russia.png in Resources */ = {isa = PBXBuildFile; fileRef = 647E90ED1ACAEA06008D975B /* Russia.png */; };
		647E90FB1ACAEA06008D975B /* United States.png in Resources */ = {isa = PBXBuildFile; fileRef = 647E90EE1ACAEA06008D975B /* United States.png */; };
		647E90FD1ACAEAE9008D975B /* Switzerland.png in Resources */ = {isa = PBXBuildFile; fileRef = 647E90FC1ACAEAE9008D975B /* Switzerland.png */; };
		647E91031ACB3C42008D975B /* FR50FHerculeO.png in Resources */ = {isa = PBXBuildFile; fileRef = 647E91011ACB3C42008D975B /* FR50FHerculeO.png */; };
		647E91041ACB3C42008D975B /* FR50FHerculeR.png in Resources */ = {isa = PBXBuildFile; fileRef = 647E91021ACB3C42008D975B /* FR50FHerculeR.png */; };
		648352731AB9CC3A00F85818 /* Default.png in Resources */ = {isa = PBXBuildFile; fileRef = 648352711AB9CC3A00F85818 /* Default.png */; };
		648352741AB9CC3A00F85818 /* icon.png in Resources */ = {isa = PBXBuildFile; fileRef = 648352721AB9CC3A00F85818 /* icon.png */; };
		64858A201AB21375006E496D /* main.m in Sources */ = {isa = PBXBuildFile; fileRef = 64858A1F1AB21375006E496D /* main.m */; };
		64858A231AB21375006E496D /* AppDelegate.m in Sources */ = {isa = PBXBuildFile; fileRef = 64858A221AB21375006E496D /* AppDelegate.m */; };
		64858A261AB21375006E496D /* Silverhound.xcdatamodeld in Sources */ = {isa = PBXBuildFile; fileRef = 64858A241AB21375006E496D /* Silverhound.xcdatamodeld */; };
		64858A2C1AB21375006E496D /* Main.storyboard in Resources */ = {isa = PBXBuildFile; fileRef = 64858A2A1AB21375006E496D /* Main.storyboard */; };
		64858A2E1AB21375006E496D /* Images.xcassets in Resources */ = {isa = PBXBuildFile; fileRef = 64858A2D1AB21375006E496D /* Images.xcassets */; };
		64858A311AB21375006E496D /* LaunchScreen.xib in Resources */ = {isa = PBXBuildFile; fileRef = 64858A2F1AB21375006E496D /* LaunchScreen.xib */; };
		64858A3D1AB21375006E496D /* SilverhoundTests.m in Sources */ = {isa = PBXBuildFile; fileRef = 64858A3C1AB21375006E496D /* SilverhoundTests.m */; };
		649986831AB215A900045F5A /* Contents.json in Resources */ = {isa = PBXBuildFile; fileRef = 649986821AB215A900045F5A /* Contents.json */; };
		6499868F1AB2713200045F5A /* CoinTableViewCell.m in Sources */ = {isa = PBXBuildFile; fileRef = 6499868D1AB2713200045F5A /* CoinTableViewCell.m */; };
		649986961AB2749F00045F5A /* CoinTableViewController.m in Sources */ = {isa = PBXBuildFile; fileRef = 649986951AB2749F00045F5A /* CoinTableViewController.m */; };
		649986981AB27D5200045F5A /* CoreData.framework in Frameworks */ = {isa = PBXBuildFile; fileRef = 649986971AB27D5200045F5A /* CoreData.framework */; };
		64B1AD5E1AC0F4A90087A656 /* ur-Silverhound.sqlite in Resources */ = {isa = PBXBuildFile; fileRef = 64B1AD5D1AC0F4A90087A656 /* ur-Silverhound.sqlite */; };
		64C158961AC32D2E001BA1B1 /* CountryHeaderViewCell.m in Sources */ = {isa = PBXBuildFile; fileRef = 64C158951AC32D2E001BA1B1 /* CountryHeaderViewCell.m */; };
		64C15C7E1AC3626F001BA1B1 /* CoinDetailViewController.m in Sources */ = {isa = PBXBuildFile; fileRef = 64C15C7D1AC3626F001BA1B1 /* CoinDetailViewController.m */; };
		64DF1EFF1ACCF3AF00C20993 /* CH1FO.png in Resources */ = {isa = PBXBuildFile; fileRef = 64DF1ED11ACCF3AF00C20993 /* CH1FO.png */; };
		64DF1F001ACCF3AF00C20993 /* CH1FR.png in Resources */ = {isa = PBXBuildFile; fileRef = 64DF1ED21ACCF3AF00C20993 /* CH1FR.png */; };
		64DF1F011ACCF3AF00C20993 /* CH2FO.png in Resources */ = {isa = PBXBuildFile; fileRef = 64DF1ED31ACCF3AF00C20993 /* CH2FO.png */; };
		64DF1F021ACCF3AF00C20993 /* CH2FR.png in Resources */ = {isa = PBXBuildFile; fileRef = 64DF1ED41ACCF3AF00C20993 /* CH2FR.png */; };
		64DF1F031ACCF3AF00C20993 /* CH5FO.png in Resources */ = {isa = PBXBuildFile; fileRef = 64DF1ED51ACCF3AF00C20993 /* CH5FO.png */; };
		64DF1F041ACCF3AF00C20993 /* CH5FR.png in Resources */ = {isa = PBXBuildFile; fileRef = 64DF1ED61ACCF3AF00C20993 /* CH5FR.png */; };
		64DF1F051ACCF3AF00C20993 /* CH50centO.png in Resources */ = {isa = PBXBuildFile; fileRef = 64DF1ED71ACCF3AF00C20993 /* CH50centO.png */; };
		64DF1F061ACCF3AF00C20993 /* CH50centR.png in Resources */ = {isa = PBXBuildFile; fileRef = 64DF1ED81ACCF3AF00C20993 /* CH50centR.png */; };
		64DF1F071ACCF3AF00C20993 /* DCanadaE2EarlyO.png in Resources */ = {isa = PBXBuildFile; fileRef = 64DF1ED91ACCF3AF00C20993 /* DCanadaE2EarlyO.png */; };
		64DF1F081ACCF3AF00C20993 /* DCanadaE2EarlyR.png in Resources */ = {isa = PBXBuildFile; fileRef = 64DF1EDA1ACCF3AF00C20993 /* DCanadaE2EarlyR.png */; };
		64DF1F091ACCF3AF00C20993 /* DCanadaE2MidO.png in Resources */ = {isa = PBXBuildFile; fileRef = 64DF1EDB1ACCF3AF00C20993 /* DCanadaE2MidO.png */; };
		64DF1F0A1ACCF3AF00C20993 /* DCanadaE2MidR.png in Resources */ = {isa = PBXBuildFile; fileRef = 64DF1EDC1ACCF3AF00C20993 /* DCanadaE2MidR.png */; };
		64DF1F0B1ACCF3AF00C20993 /* DCanadaG6O.png in Resources */ = {isa = PBXBuildFile; fileRef = 64DF1EDD1ACCF3AF00C20993 /* DCanadaG6O.png */; };
		64DF1F0C1ACCF3AF00C20993 /* DCanadaG6R.png in Resources */ = {isa = PBXBuildFile; fileRef = 64DF1EDE1ACCF3AF00C20993 /* DCanadaG6R.png */; };
		64DF1F0D1ACCF3AF00C20993 /* FDRDimeO.png in Resources */ = {isa = PBXBuildFile; fileRef = 64DF1EDF1ACCF3AF00C20993 /* FDRDimeO.png */; };
		64DF1F0E1ACCF3AF00C20993 /* FDRDimeR.png in Resources */ = {isa = PBXBuildFile; fileRef = 64DF1EE01ACCF3AF00C20993 /* FDRDimeR.png */; };
		64DF1F0F1ACCF3AF00C20993 /* FR5FSemeuseO.png in Resources */ = {isa = PBXBuildFile; fileRef = 64DF1EE11ACCF3AF00C20993 /* FR5FSemeuseO.png */; };
		64DF1F101ACCF3AF00C20993 /* FR5FSemeuseR.png in Resources */ = {isa = PBXBuildFile; fileRef = 64DF1EE21ACCF3AF00C20993 /* FR5FSemeuseR.png */; };
		64DF1F111ACCF3AF00C20993 /* FR10FHerculeO.png in Resources */ = {isa = PBXBuildFile; fileRef = 64DF1EE31ACCF3AF00C20993 /* FR10FHerculeO.png */; };
		64DF1F121ACCF3AF00C20993 /* FR10FHerculeR.png in Resources */ = {isa = PBXBuildFile; fileRef = 64DF1EE41ACCF3AF00C20993 /* FR10FHerculeR.png */; };
		64DF1F131ACCF3AF00C20993 /* FR50centO.png in Resources */ = {isa = PBXBuildFile; fileRef = 64DF1EE51ACCF3AF00C20993 /* FR50centO.png */; };
		64DF1F141ACCF3AF00C20993 /* FR50centR.png in Resources */ = {isa = PBXBuildFile; fileRef = 64DF1EE61ACCF3AF00C20993 /* FR50centR.png */; };
		64DF1F151ACCF3AF00C20993 /* FR100FSoLO.png in Resources */ = {isa = PBXBuildFile; fileRef = 64DF1EE71ACCF3AF00C20993 /* FR100FSoLO.png */; };
		64DF1F161ACCF3AF00C20993 /* FR100FSoLR.png in Resources */ = {isa = PBXBuildFile; fileRef = 64DF1EE81ACCF3AF00C20993 /* FR100FSoLR.png */; };
		64DF1F171ACCF3AF00C20993 /* FranklinHalfO.png in Resources */ = {isa = PBXBuildFile; fileRef = 64DF1EE91ACCF3AF00C20993 /* FranklinHalfO.png */; };
		64DF1F181ACCF3AF00C20993 /* FranklinHalfR.png in Resources */ = {isa = PBXBuildFile; fileRef = 64DF1EEA1ACCF3AF00C20993 /* FranklinHalfR.png */; };
		64DF1F191ACCF3AF00C20993 /* LibertyDimeO.png in Resources */ = {isa = PBXBuildFile; fileRef = 64DF1EEB1ACCF3AF00C20993 /* LibertyDimeO.png */; };
		64DF1F1A1ACCF3AF00C20993 /* LibertyDimeR.png in Resources */ = {isa = PBXBuildFile; fileRef = 64DF1EEC1ACCF3AF00C20993 /* LibertyDimeR.png */; };
		64DF1F1B1ACCF3AF00C20993 /* LibertyHalfO.png in Resources */ = {isa = PBXBuildFile; fileRef = 64DF1EED1ACCF3AF00C20993 /* LibertyHalfO.png */; };
		64DF1F1C1ACCF3AF00C20993 /* LibertyHalfR.png in Resources */ = {isa = PBXBuildFile; fileRef = 64DF1EEE1ACCF3AF00C20993 /* LibertyHalfR.png */; };
		64DF1F1D1ACCF3AF00C20993 /* LibertyQuarterO.png in Resources */ = {isa = PBXBuildFile; fileRef = 64DF1EEF1ACCF3AF00C20993 /* LibertyQuarterO.png */; };
		64DF1F1E1ACCF3AF00C20993 /* LibertyQuarterR.png in Resources */ = {isa = PBXBuildFile; fileRef = 64DF1EF01ACCF3AF00C20993 /* LibertyQuarterR.png */; };
		64DF1F1F1ACCF3AF00C20993 /* MorganO.png in Resources */ = {isa = PBXBuildFile; fileRef = 64DF1EF11ACCF3AF00C20993 /* MorganO.png */; };
		64DF1F201ACCF3AF00C20993 /* MorganR.png in Resources */ = {isa = PBXBuildFile; fileRef = 64DF1EF21ACCF3AF00C20993 /* MorganR.png */; };
		64DF1F211ACCF3AF00C20993 /* PeaceO.png in Resources */ = {isa = PBXBuildFile; fileRef = 64DF1EF31ACCF3AF00C20993 /* PeaceO.png */; };
		64DF1F221ACCF3AF00C20993 /* PeaceR.png in Resources */ = {isa = PBXBuildFile; fileRef = 64DF1EF41ACCF3AF00C20993 /* PeaceR.png */; };
		64DF1F231ACCF3AF00C20993 /* QBalboaO.png in Resources */ = {isa = PBXBuildFile; fileRef = 64DF1EF51ACCF3AF00C20993 /* QBalboaO.png */; };
		64DF1F241ACCF3AF00C20993 /* QBalboaR.png in Resources */ = {isa = PBXBuildFile; fileRef = 64DF1EF61ACCF3AF00C20993 /* QBalboaR.png */; };
		64DF1F251ACCF3AF00C20993 /* QCanadaEarlyE2O.png in Resources */ = {isa = PBXBuildFile; fileRef = 64DF1EF71ACCF3AF00C20993 /* QCanadaEarlyE2O.png */; };
		64DF1F261ACCF3AF00C20993 /* QCanadaEarlyE2R.png in Resources */ = {isa = PBXBuildFile; fileRef = 64DF1EF81ACCF3AF00C20993 /* QCanadaEarlyE2R.png */; };
		64DF1F271ACCF3AF00C20993 /* QCanadaGeorge5O.png in Resources */ = {isa = PBXBuildFile; fileRef = 64DF1EF91ACCF3AF00C20993 /* QCanadaGeorge5O.png */; };
		64DF1F281ACCF3AF00C20993 /* QCanadaGeorge5R.png in Resources */ = {isa = PBXBuildFile; fileRef = 64DF1EFA1ACCF3AF00C20993 /* QCanadaGeorge5R.png */; };
		64DF1F291ACCF3AF00C20993 /* QCanadaGeorge6O.png in Resources */ = {isa = PBXBuildFile; fileRef = 64DF1EFB1ACCF3AF00C20993 /* QCanadaGeorge6O.png */; };
		64DF1F2A1ACCF3AF00C20993 /* QCanadaGeorge6R.png in Resources */ = {isa = PBXBuildFile; fileRef = 64DF1EFC1ACCF3AF00C20993 /* QCanadaGeorge6R.png */; };
		64DF1F2B1ACCF3AF00C20993 /* WashQuarterO.png in Resources */ = {isa = PBXBuildFile; fileRef = 64DF1EFD1ACCF3AF00C20993 /* WashQuarterO.png */; };
		64DF1F2C1ACCF3AF00C20993 /* WashQuarterR.png in Resources */ = {isa = PBXBuildFile; fileRef = 64DF1EFE1ACCF3AF00C20993 /* WashQuarterR.png */; };
		64DF1F2F1ACCFC1700C20993 /* FR100FSoLPFO.png in Resources */ = {isa = PBXBuildFile; fileRef = 64DF1F2D1ACCFC1700C20993 /* FR100FSoLPFO.png */; };
		64DF1F301ACCFC1700C20993 /* FR100FSoLPFR.png in Resources */ = {isa = PBXBuildFile; fileRef = 64DF1F2E1ACCFC1700C20993 /* FR100FSoLPFR.png */; };
/* End PBXBuildFile section */

/* Begin PBXContainerItemProxy section */
		64858A371AB21375006E496D /* PBXContainerItemProxy */ = {
			isa = PBXContainerItemProxy;
			containerPortal = 64858A121AB21375006E496D /* Project object */;
			proxyType = 1;
			remoteGlobalIDString = 64858A191AB21375006E496D;
			remoteInfo = Silverhound;
		};
/* End PBXContainerItemProxy section */

/* Begin PBXFileReference section */
		641AE17C1ABD0AF20003ADAA /* Coin.h */ = {isa = PBXFileReference; fileEncoding = 4; lastKnownFileType = sourcecode.c.h; path = Coin.h; sourceTree = "<group>"; };
		641AE17D1ABD0AF20003ADAA /* Coin.m */ = {isa = PBXFileReference; fileEncoding = 4; lastKnownFileType = sourcecode.c.objc; path = Coin.m; sourceTree = "<group>"; };
		647E90E21ACAEA06008D975B /* United Kingdom.png */ = {isa = PBXFileReference; lastKnownFileType = image.png; path = "United Kingdom.png"; sourceTree = "<group>"; };
		647E90E31ACAEA06008D975B /* Austria.png */ = {isa = PBXFileReference; lastKnownFileType = image.png; path = Austria.png; sourceTree = "<group>"; };
		647E90E41ACAEA06008D975B /* Belgium.png */ = {isa = PBXFileReference; lastKnownFileType = image.png; path = Belgium.png; sourceTree = "<group>"; };
		647E90E51ACAEA06008D975B /* Canada.png */ = {isa = PBXFileReference; lastKnownFileType = image.png; path = Canada.png; sourceTree = "<group>"; };
		647E90E61ACAEA06008D975B /* France.png */ = {isa = PBXFileReference; lastKnownFileType = image.png; path = France.png; sourceTree = "<group>"; };
		647E90E71ACAEA06008D975B /* Germany.png */ = {isa = PBXFileReference; lastKnownFileType = image.png; path = Germany.png; sourceTree = "<group>"; };
		647E90E81ACAEA06008D975B /* Greece.png */ = {isa = PBXFileReference; lastKnownFileType = image.png; path = Greece.png; sourceTree = "<group>"; };
		647E90E91ACAEA06008D975B /* Ireland.png */ = {isa = PBXFileReference; lastKnownFileType = image.png; path = Ireland.png; sourceTree = "<group>"; };
		647E90EA1ACAEA06008D975B /* Mexico.png */ = {isa = PBXFileReference; lastKnownFileType = image.png; path = Mexico.png; sourceTree = "<group>"; };
		647E90EB1ACAEA06008D975B /* Panama.png */ = {isa = PBXFileReference; lastKnownFileType = image.png; path = Panama.png; sourceTree = "<group>"; };
		647E90EC1ACAEA06008D975B /* Phillipines.png */ = {isa = PBXFileReference; lastKnownFileType = image.png; path = Phillipines.png; sourceTree = "<group>"; };
		647E90ED1ACAEA06008D975B /* Russia.png */ = {isa = PBXFileReference; lastKnownFileType = image.png; path = Russia.png; sourceTree = "<group>"; };
		647E90EE1ACAEA06008D975B /* United States.png */ = {isa = PBXFileReference; lastKnownFileType = image.png; path = "United States.png"; sourceTree = "<group>"; };
		647E90FC1ACAEAE9008D975B /* Switzerland.png */ = {isa = PBXFileReference; lastKnownFileType = image.png; path = Switzerland.png; sourceTree = "<group>"; };
		647E91011ACB3C42008D975B /* FR50FHerculeO.png */ = {isa = PBXFileReference; lastKnownFileType = image.png; path = FR50FHerculeO.png; sourceTree = "<group>"; };
		647E91021ACB3C42008D975B /* FR50FHerculeR.png */ = {isa = PBXFileReference; lastKnownFileType = image.png; path = FR50FHerculeR.png; sourceTree = "<group>"; };
		648352711AB9CC3A00F85818 /* Default.png */ = {isa = PBXFileReference; lastKnownFileType = image.png; path = Default.png; sourceTree = "<group>"; };
		648352721AB9CC3A00F85818 /* icon.png */ = {isa = PBXFileReference; lastKnownFileType = image.png; path = icon.png; sourceTree = "<group>"; };
		64858A1A1AB21375006E496D /* Silverhound.app */ = {isa = PBXFileReference; explicitFileType = wrapper.application; includeInIndex = 0; path = Silverhound.app; sourceTree = BUILT_PRODUCTS_DIR; };
		64858A1E1AB21375006E496D /* Info.plist */ = {isa = PBXFileReference; lastKnownFileType = text.plist.xml; path = Info.plist; sourceTree = "<group>"; };
		64858A1F1AB21375006E496D /* main.m */ = {isa = PBXFileReference; lastKnownFileType = sourcecode.c.objc; path = main.m; sourceTree = "<group>"; };
		64858A211AB21375006E496D /* AppDelegate.h */ = {isa = PBXFileReference; lastKnownFileType = sourcecode.c.h; path = AppDelegate.h; sourceTree = "<group>"; };
		64858A221AB21375006E496D /* AppDelegate.m */ = {isa = PBXFileReference; lastKnownFileType = sourcecode.c.objc; path = AppDelegate.m; sourceTree = "<group>"; };
		64858A251AB21375006E496D /* Silverhound.xcdatamodel */ = {isa = PBXFileReference; explicitFileType = wrapper.xcdatamodel; path = Silverhound.xcdatamodel; sourceTree = "<group>"; };
		64858A2B1AB21375006E496D /* Base */ = {isa = PBXFileReference; lastKnownFileType = file.storyboard; name = Base; path = Base.lproj/Main.storyboard; sourceTree = "<group>"; };
		64858A2D1AB21375006E496D /* Images.xcassets */ = {isa = PBXFileReference; lastKnownFileType = folder.assetcatalog; path = Images.xcassets; sourceTree = "<group>"; };
		64858A301AB21375006E496D /* Base */ = {isa = PBXFileReference; lastKnownFileType = file.xib; name = Base; path = Base.lproj/LaunchScreen.xib; sourceTree = "<group>"; };
		64858A361AB21375006E496D /* SilverhoundTests.xctest */ = {isa = PBXFileReference; explicitFileType = wrapper.cfbundle; includeInIndex = 0; path = SilverhoundTests.xctest; sourceTree = BUILT_PRODUCTS_DIR; };
		64858A3B1AB21375006E496D /* Info.plist */ = {isa = PBXFileReference; lastKnownFileType = text.plist.xml; path = Info.plist; sourceTree = "<group>"; };
		64858A3C1AB21375006E496D /* SilverhoundTests.m */ = {isa = PBXFileReference; lastKnownFileType = sourcecode.c.objc; path = SilverhoundTests.m; sourceTree = "<group>"; };
		649986821AB215A900045F5A /* Contents.json */ = {isa = PBXFileReference; fileEncoding = 4; lastKnownFileType = text.json; name = Contents.json; path = Silverhound/Images.xcassets/AppIcon.appiconset/Contents.json; sourceTree = "<group>"; };
		6499868C1AB2713200045F5A /* CoinTableViewCell.h */ = {isa = PBXFileReference; fileEncoding = 4; lastKnownFileType = sourcecode.c.h; path = CoinTableViewCell.h; sourceTree = "<group>"; };
		6499868D1AB2713200045F5A /* CoinTableViewCell.m */ = {isa = PBXFileReference; fileEncoding = 4; lastKnownFileType = sourcecode.c.objc; path = CoinTableViewCell.m; sourceTree = "<group>"; };
		649986941AB2749F00045F5A /* CoinTableViewController.h */ = {isa = PBXFileReference; fileEncoding = 4; lastKnownFileType = sourcecode.c.h; name = CoinTableViewController.h; path = ../CoinTableViewController.h; sourceTree = "<group>"; };
		649986951AB2749F00045F5A /* CoinTableViewController.m */ = {isa = PBXFileReference; fileEncoding = 4; lastKnownFileType = sourcecode.c.objc; name = CoinTableViewController.m; path = ../CoinTableViewController.m; sourceTree = "<group>"; };
		649986971AB27D5200045F5A /* CoreData.framework */ = {isa = PBXFileReference; lastKnownFileType = wrapper.framework; name = CoreData.framework; path = System/Library/Frameworks/CoreData.framework; sourceTree = SDKROOT; };
		649ABFDE1ABA2BEF001A35E2 /* Silverhound 2.xcdatamodel */ = {isa = PBXFileReference; lastKnownFileType = wrapper.xcdatamodel; path = "Silverhound 2.xcdatamodel"; sourceTree = "<group>"; };
		64B1AD5D1AC0F4A90087A656 /* ur-Silverhound.sqlite */ = {isa = PBXFileReference; lastKnownFileType = file; path = "ur-Silverhound.sqlite"; sourceTree = "<group>"; };
		64C158941AC32D2E001BA1B1 /* CountryHeaderViewCell.h */ = {isa = PBXFileReference; fileEncoding = 4; lastKnownFileType = sourcecode.c.h; path = CountryHeaderViewCell.h; sourceTree = "<group>"; };
		64C158951AC32D2E001BA1B1 /* CountryHeaderViewCell.m */ = {isa = PBXFileReference; fileEncoding = 4; lastKnownFileType = sourcecode.c.objc; path = CountryHeaderViewCell.m; sourceTree = "<group>"; };
		64C15C7C1AC3626F001BA1B1 /* CoinDetailViewController.h */ = {isa = PBXFileReference; fileEncoding = 4; lastKnownFileType = sourcecode.c.h; path = CoinDetailViewController.h; sourceTree = "<group>"; };
		64C15C7D1AC3626F001BA1B1 /* CoinDetailViewController.m */ = {isa = PBXFileReference; fileEncoding = 4; lastKnownFileType = sourcecode.c.objc; path = CoinDetailViewController.m; sourceTree = "<group>"; };
		64DF1ED11ACCF3AF00C20993 /* CH1FO.png */ = {isa = PBXFileReference; lastKnownFileType = image.png; path = CH1FO.png; sourceTree = "<group>"; };
		64DF1ED21ACCF3AF00C20993 /* CH1FR.png */ = {isa = PBXFileReference; lastKnownFileType = image.png; path = CH1FR.png; sourceTree = "<group>"; };
		64DF1ED31ACCF3AF00C20993 /* CH2FO.png */ = {isa = PBXFileReference; lastKnownFileType = image.png; path = CH2FO.png; sourceTree = "<group>"; };
		64DF1ED41ACCF3AF00C20993 /* CH2FR.png */ = {isa = PBXFileReference; lastKnownFileType = image.png; path = CH2FR.png; sourceTree = "<group>"; };
		64DF1ED51ACCF3AF00C20993 /* CH5FO.png */ = {isa = PBXFileReference; lastKnownFileType = image.png; path = CH5FO.png; sourceTree = "<group>"; };
		64DF1ED61ACCF3AF00C20993 /* CH5FR.png */ = {isa = PBXFileReference; lastKnownFileType = image.png; path = CH5FR.png; sourceTree = "<group>"; };
		64DF1ED71ACCF3AF00C20993 /* CH50centO.png */ = {isa = PBXFileReference; lastKnownFileType = image.png; path = CH50centO.png; sourceTree = "<group>"; };
		64DF1ED81ACCF3AF00C20993 /* CH50centR.png */ = {isa = PBXFileReference; lastKnownFileType = image.png; path = CH50centR.png; sourceTree = "<group>"; };
		64DF1ED91ACCF3AF00C20993 /* DCanadaE2EarlyO.png */ = {isa = PBXFileReference; lastKnownFileType = image.png; path = DCanadaE2EarlyO.png; sourceTree = "<group>"; };
		64DF1EDA1ACCF3AF00C20993 /* DCanadaE2EarlyR.png */ = {isa = PBXFileReference; lastKnownFileType = image.png; path = DCanadaE2EarlyR.png; sourceTree = "<group>"; };
		64DF1EDB1ACCF3AF00C20993 /* DCanadaE2MidO.png */ = {isa = PBXFileReference; lastKnownFileType = image.png; path = DCanadaE2MidO.png; sourceTree = "<group>"; };
		64DF1EDC1ACCF3AF00C20993 /* DCanadaE2MidR.png */ = {isa = PBXFileReference; lastKnownFileType = image.png; path = DCanadaE2MidR.png; sourceTree = "<group>"; };
		64DF1EDD1ACCF3AF00C20993 /* DCanadaG6O.png */ = {isa = PBXFileReference; lastKnownFileType = image.png; path = DCanadaG6O.png; sourceTree = "<group>"; };
		64DF1EDE1ACCF3AF00C20993 /* DCanadaG6R.png */ = {isa = PBXFileReference; lastKnownFileType = image.png; path = DCanadaG6R.png; sourceTree = "<group>"; };
		64DF1EDF1ACCF3AF00C20993 /* FDRDimeO.png */ = {isa = PBXFileReference; lastKnownFileType = image.png; path = FDRDimeO.png; sourceTree = "<group>"; };
		64DF1EE01ACCF3AF00C20993 /* FDRDimeR.png */ = {isa = PBXFileReference; lastKnownFileType = image.png; path = FDRDimeR.png; sourceTree = "<group>"; };
		64DF1EE11ACCF3AF00C20993 /* FR5FSemeuseO.png */ = {isa = PBXFileReference; lastKnownFileType = image.png; path = FR5FSemeuseO.png; sourceTree = "<group>"; };
		64DF1EE21ACCF3AF00C20993 /* FR5FSemeuseR.png */ = {isa = PBXFileReference; lastKnownFileType = image.png; path = FR5FSemeuseR.png; sourceTree = "<group>"; };
		64DF1EE31ACCF3AF00C20993 /* FR10FHerculeO.png */ = {isa = PBXFileReference; lastKnownFileType = image.png; path = FR10FHerculeO.png; sourceTree = "<group>"; };
		64DF1EE41ACCF3AF00C20993 /* FR10FHerculeR.png */ = {isa = PBXFileReference; lastKnownFileType = image.png; path = FR10FHerculeR.png; sourceTree = "<group>"; };
		64DF1EE51ACCF3AF00C20993 /* FR50centO.png */ = {isa = PBXFileReference; lastKnownFileType = image.png; path = FR50centO.png; sourceTree = "<group>"; };
		64DF1EE61ACCF3AF00C20993 /* FR50centR.png */ = {isa = PBXFileReference; lastKnownFileType = image.png; path = FR50centR.png; sourceTree = "<group>"; };
		64DF1EE71ACCF3AF00C20993 /* FR100FSoLO.png */ = {isa = PBXFileReference; lastKnownFileType = image.png; path = FR100FSoLO.png; sourceTree = "<group>"; };
		64DF1EE81ACCF3AF00C20993 /* FR100FSoLR.png */ = {isa = PBXFileReference; lastKnownFileType = image.png; path = FR100FSoLR.png; sourceTree = "<group>"; };
		64DF1EE91ACCF3AF00C20993 /* FranklinHalfO.png */ = {isa = PBXFileReference; lastKnownFileType = image.png; path = FranklinHalfO.png; sourceTree = "<group>"; };
		64DF1EEA1ACCF3AF00C20993 /* FranklinHalfR.png */ = {isa = PBXFileReference; lastKnownFileType = image.png; path = FranklinHalfR.png; sourceTree = "<group>"; };
		64DF1EEB1ACCF3AF00C20993 /* LibertyDimeO.png */ = {isa = PBXFileReference; lastKnownFileType = image.png; path = LibertyDimeO.png; sourceTree = "<group>"; };
		64DF1EEC1ACCF3AF00C20993 /* LibertyDimeR.png */ = {isa = PBXFileReference; lastKnownFileType = image.png; path = LibertyDimeR.png; sourceTree = "<group>"; };
		64DF1EED1ACCF3AF00C20993 /* LibertyHalfO.png */ = {isa = PBXFileReference; lastKnownFileType = image.png; path = LibertyHalfO.png; sourceTree = "<group>"; };
		64DF1EEE1ACCF3AF00C20993 /* LibertyHalfR.png */ = {isa = PBXFileReference; lastKnownFileType = image.png; path = LibertyHalfR.png; sourceTree = "<group>"; };
		64DF1EEF1ACCF3AF00C20993 /* LibertyQuarterO.png */ = {isa = PBXFileReference; lastKnownFileType = image.png; path = LibertyQuarterO.png; sourceTree = "<group>"; };
		64DF1EF01ACCF3AF00C20993 /* LibertyQuarterR.png */ = {isa = PBXFileReference; lastKnownFileType = image.png; path = LibertyQuarterR.png; sourceTree = "<group>"; };
		64DF1EF11ACCF3AF00C20993 /* MorganO.png */ = {isa = PBXFileReference; lastKnownFileType = image.png; path = MorganO.png; sourceTree = "<group>"; };
		64DF1EF21ACCF3AF00C20993 /* MorganR.png */ = {isa = PBXFileReference; lastKnownFileType = image.png; path = MorganR.png; sourceTree = "<group>"; };
		64DF1EF31ACCF3AF00C20993 /* PeaceO.png */ = {isa = PBXFileReference; lastKnownFileType = image.png; path = PeaceO.png; sourceTree = "<group>"; };
		64DF1EF41ACCF3AF00C20993 /* PeaceR.png */ = {isa = PBXFileReference; lastKnownFileType = image.png; path = PeaceR.png; sourceTree = "<group>"; };
		64DF1EF51ACCF3AF00C20993 /* QBalboaO.png */ = {isa = PBXFileReference; lastKnownFileType = image.png; path = QBalboaO.png; sourceTree = "<group>"; };
		64DF1EF61ACCF3AF00C20993 /* QBalboaR.png */ = {isa = PBXFileReference; lastKnownFileType = image.png; path = QBalboaR.png; sourceTree = "<group>"; };
		64DF1EF71ACCF3AF00C20993 /* QCanadaEarlyE2O.png */ = {isa = PBXFileReference; lastKnownFileType = image.png; path = QCanadaEarlyE2O.png; sourceTree = "<group>"; };
		64DF1EF81ACCF3AF00C20993 /* QCanadaEarlyE2R.png */ = {isa = PBXFileReference; lastKnownFileType = image.png; path = QCanadaEarlyE2R.png; sourceTree = "<group>"; };
		64DF1EF91ACCF3AF00C20993 /* QCanadaGeorge5O.png */ = {isa = PBXFileReference; lastKnownFileType = image.png; path = QCanadaGeorge5O.png; sourceTree = "<group>"; };
		64DF1EFA1ACCF3AF00C20993 /* QCanadaGeorge5R.png */ = {isa = PBXFileReference; lastKnownFileType = image.png; path = QCanadaGeorge5R.png; sourceTree = "<group>"; };
		64DF1EFB1ACCF3AF00C20993 /* QCanadaGeorge6O.png */ = {isa = PBXFileReference; lastKnownFileType = image.png; path = QCanadaGeorge6O.png; sourceTree = "<group>"; };
		64DF1EFC1ACCF3AF00C20993 /* QCanadaGeorge6R.png */ = {isa = PBXFileReference; lastKnownFileType = image.png; path = QCanadaGeorge6R.png; sourceTree = "<group>"; };
		64DF1EFD1ACCF3AF00C20993 /* WashQuarterO.png */ = {isa = PBXFileReference; lastKnownFileType = image.png; path = WashQuarterO.png; sourceTree = "<group>"; };
		64DF1EFE1ACCF3AF00C20993 /* WashQuarterR.png */ = {isa = PBXFileReference; lastKnownFileType = image.png; path = WashQuarterR.png; sourceTree = "<group>"; };
		64DF1F2D1ACCFC1700C20993 /* FR100FSoLPFO.png */ = {isa = PBXFileReference; lastKnownFileType = image.png; path = FR100FSoLPFO.png; sourceTree = "<group>"; };
		64DF1F2E1ACCFC1700C20993 /* FR100FSoLPFR.png */ = {isa = PBXFileReference; lastKnownFileType = image.png; path = FR100FSoLPFR.png; sourceTree = "<group>"; };
/* End PBXFileReference section */

/* Begin PBXFrameworksBuildPhase section */
		64858A171AB21375006E496D /* Frameworks */ = {
			isa = PBXFrameworksBuildPhase;
			buildActionMask = 2147483647;
			files = (
				649986981AB27D5200045F5A /* CoreData.framework in Frameworks */,
			);
			runOnlyForDeploymentPostprocessing = 0;
		};
		64858A331AB21375006E496D /* Frameworks */ = {
			isa = PBXFrameworksBuildPhase;
			buildActionMask = 2147483647;
			files = (
			);
			runOnlyForDeploymentPostprocessing = 0;
		};
/* End PBXFrameworksBuildPhase section */

/* Begin PBXGroup section */
		64858A111AB21375006E496D = {
			isa = PBXGroup;
			children = (
				649986971AB27D5200045F5A /* CoreData.framework */,
				649986821AB215A900045F5A /* Contents.json */,
				64858A1C1AB21375006E496D /* Silverhound */,
				64858A391AB21375006E496D /* SilverhoundTests */,
				64858A1B1AB21375006E496D /* Products */,
				64858A2F1AB21375006E496D /* LaunchScreen.xib */,
			);
			sourceTree = "<group>";
		};
		64858A1B1AB21375006E496D /* Products */ = {
			isa = PBXGroup;
			children = (
				64858A1A1AB21375006E496D /* Silverhound.app */,
				64858A361AB21375006E496D /* SilverhoundTests.xctest */,
			);
			name = Products;
			sourceTree = "<group>";
		};
		64858A1C1AB21375006E496D /* Silverhound */ = {
			isa = PBXGroup;
			children = (
				64858A211AB21375006E496D /* AppDelegate.h */,
				64858A221AB21375006E496D /* AppDelegate.m */,
				641AE17C1ABD0AF20003ADAA /* Coin.h */,
				641AE17D1ABD0AF20003ADAA /* Coin.m */,
				64C15C7C1AC3626F001BA1B1 /* CoinDetailViewController.h */,
				64C15C7D1AC3626F001BA1B1 /* CoinDetailViewController.m */,
				649986941AB2749F00045F5A /* CoinTableViewController.h */,
				649986951AB2749F00045F5A /* CoinTableViewController.m */,
				6499868C1AB2713200045F5A /* CoinTableViewCell.h */,
				6499868D1AB2713200045F5A /* CoinTableViewCell.m */,
				64C158941AC32D2E001BA1B1 /* CountryHeaderViewCell.h */,
				64C158951AC32D2E001BA1B1 /* CountryHeaderViewCell.m */,
				64858A2A1AB21375006E496D /* Main.storyboard */,
				64B1AD5D1AC0F4A90087A656 /* ur-Silverhound.sqlite */,
				64858A241AB21375006E496D /* Silverhound.xcdatamodeld */,
				64858A2D1AB21375006E496D /* Images.xcassets */,
				64858A1D1AB21375006E496D /* Supporting Files */,
			);
			path = Silverhound;
			sourceTree = "<group>";
		};
		64858A1D1AB21375006E496D /* Supporting Files */ = {
			isa = PBXGroup;
			children = (
				64DF1F2D1ACCFC1700C20993 /* FR100FSoLPFO.png */,
				64DF1F2E1ACCFC1700C20993 /* FR100FSoLPFR.png */,
				64DF1ED11ACCF3AF00C20993 /* CH1FO.png */,
				64DF1ED21ACCF3AF00C20993 /* CH1FR.png */,
				64DF1ED31ACCF3AF00C20993 /* CH2FO.png */,
				64DF1ED41ACCF3AF00C20993 /* CH2FR.png */,
				64DF1ED51ACCF3AF00C20993 /* CH5FO.png */,
				64DF1ED61ACCF3AF00C20993 /* CH5FR.png */,
				64DF1ED71ACCF3AF00C20993 /* CH50centO.png */,
				64DF1ED81ACCF3AF00C20993 /* CH50centR.png */,
				64DF1ED91ACCF3AF00C20993 /* DCanadaE2EarlyO.png */,
				64DF1EDA1ACCF3AF00C20993 /* DCanadaE2EarlyR.png */,
				64DF1EDB1ACCF3AF00C20993 /* DCanadaE2MidO.png */,
				64DF1EDC1ACCF3AF00C20993 /* DCanadaE2MidR.png */,
				64DF1EDD1ACCF3AF00C20993 /* DCanadaG6O.png */,
				64DF1EDE1ACCF3AF00C20993 /* DCanadaG6R.png */,
				64DF1EDF1ACCF3AF00C20993 /* FDRDimeO.png */,
				64DF1EE01ACCF3AF00C20993 /* FDRDimeR.png */,
				64DF1EE11ACCF3AF00C20993 /* FR5FSemeuseO.png */,
				64DF1EE21ACCF3AF00C20993 /* FR5FSemeuseR.png */,
				64DF1EE31ACCF3AF00C20993 /* FR10FHerculeO.png */,
				64DF1EE41ACCF3AF00C20993 /* FR10FHerculeR.png */,
				64DF1EE51ACCF3AF00C20993 /* FR50centO.png */,
				64DF1EE61ACCF3AF00C20993 /* FR50centR.png */,
				64DF1EE71ACCF3AF00C20993 /* FR100FSoLO.png */,
				64DF1EE81ACCF3AF00C20993 /* FR100FSoLR.png */,
				64DF1EE91ACCF3AF00C20993 /* FranklinHalfO.png */,
				64DF1EEA1ACCF3AF00C20993 /* FranklinHalfR.png */,
				64DF1EEB1ACCF3AF00C20993 /* LibertyDimeO.png */,
				64DF1EEC1ACCF3AF00C20993 /* LibertyDimeR.png */,
				64DF1EED1ACCF3AF00C20993 /* LibertyHalfO.png */,
				64DF1EEE1ACCF3AF00C20993 /* LibertyHalfR.png */,
				64DF1EEF1ACCF3AF00C20993 /* LibertyQuarterO.png */,
				64DF1EF01ACCF3AF00C20993 /* LibertyQuarterR.png */,
				64DF1EF11ACCF3AF00C20993 /* MorganO.png */,
				64DF1EF21ACCF3AF00C20993 /* MorganR.png */,
				64DF1EF31ACCF3AF00C20993 /* PeaceO.png */,
				64DF1EF41ACCF3AF00C20993 /* PeaceR.png */,
				64DF1EF51ACCF3AF00C20993 /* QBalboaO.png */,
				64DF1EF61ACCF3AF00C20993 /* QBalboaR.png */,
				64DF1EF71ACCF3AF00C20993 /* QCanadaEarlyE2O.png */,
				64DF1EF81ACCF3AF00C20993 /* QCanadaEarlyE2R.png */,
				64DF1EF91ACCF3AF00C20993 /* QCanadaGeorge5O.png */,
				64DF1EFA1ACCF3AF00C20993 /* QCanadaGeorge5R.png */,
				64DF1EFB1ACCF3AF00C20993 /* QCanadaGeorge6O.png */,
				64DF1EFC1ACCF3AF00C20993 /* QCanadaGeorge6R.png */,
				64DF1EFD1ACCF3AF00C20993 /* WashQuarterO.png */,
				64DF1EFE1ACCF3AF00C20993 /* WashQuarterR.png */,
				647E91011ACB3C42008D975B /* FR50FHerculeO.png */,
				647E91021ACB3C42008D975B /* FR50FHerculeR.png */,
				64C158971AC3391E001BA1B1 /* famfamfam_flag_icons */,
				648352711AB9CC3A00F85818 /* Default.png */,
				648352721AB9CC3A00F85818 /* icon.png */,
				64858A1E1AB21375006E496D /* Info.plist */,
				64858A1F1AB21375006E496D /* main.m */,
			);
			name = "Supporting Files";
			sourceTree = "<group>";
		};
		64858A391AB21375006E496D /* SilverhoundTests */ = {
			isa = PBXGroup;
			children = (
				64858A3C1AB21375006E496D /* SilverhoundTests.m */,
				64858A3A1AB21375006E496D /* Supporting Files */,
			);
			path = SilverhoundTests;
			sourceTree = "<group>";
		};
		64858A3A1AB21375006E496D /* Supporting Files */ = {
			isa = PBXGroup;
			children = (
				64858A3B1AB21375006E496D /* Info.plist */,
			);
			name = "Supporting Files";
			sourceTree = "<group>";
		};
		64C158971AC3391E001BA1B1 /* famfamfam_flag_icons */ = {
			isa = PBXGroup;
			children = (
				64C159901AC3391F001BA1B1 /* png */,
			);
			path = famfamfam_flag_icons;
			sourceTree = "<group>";
		};
		64C159901AC3391F001BA1B1 /* png */ = {
			isa = PBXGroup;
			children = (
				647E90FC1ACAEAE9008D975B /* Switzerland.png */,
				647E90E21ACAEA06008D975B /* United Kingdom.png */,
				647E90E31ACAEA06008D975B /* Austria.png */,
				647E90E41ACAEA06008D975B /* Belgium.png */,
				647E90E51ACAEA06008D975B /* Canada.png */,
				647E90E61ACAEA06008D975B /* France.png */,
				647E90E71ACAEA06008D975B /* Germany.png */,
				647E90E81ACAEA06008D975B /* Greece.png */,
				647E90E91ACAEA06008D975B /* Ireland.png */,
				647E90EA1ACAEA06008D975B /* Mexico.png */,
				647E90EB1ACAEA06008D975B /* Panama.png */,
				647E90EC1ACAEA06008D975B /* Phillipines.png */,
				647E90ED1ACAEA06008D975B /* Russia.png */,
				647E90EE1ACAEA06008D975B /* United States.png */,
			);
			path = png;
			sourceTree = "<group>";
		};
/* End PBXGroup section */

/* Begin PBXNativeTarget section */
		64858A191AB21375006E496D /* Silverhound */ = {
			isa = PBXNativeTarget;
			buildConfigurationList = 64858A401AB21375006E496D /* Build configuration list for PBXNativeTarget "Silverhound" */;
			buildPhases = (
				64858A161AB21375006E496D /* Sources */,
				64858A171AB21375006E496D /* Frameworks */,
				64858A181AB21375006E496D /* Resources */,
			);
			buildRules = (
			);
			dependencies = (
			);
			name = Silverhound;
			productName = Silverhound;
			productReference = 64858A1A1AB21375006E496D /* Silverhound.app */;
			productType = "com.apple.product-type.application";
		};
		64858A351AB21375006E496D /* SilverhoundTests */ = {
			isa = PBXNativeTarget;
			buildConfigurationList = 64858A431AB21375006E496D /* Build configuration list for PBXNativeTarget "SilverhoundTests" */;
			buildPhases = (
				64858A321AB21375006E496D /* Sources */,
				64858A331AB21375006E496D /* Frameworks */,
				64858A341AB21375006E496D /* Resources */,
			);
			buildRules = (
			);
			dependencies = (
				64858A381AB21375006E496D /* PBXTargetDependency */,
			);
			name = SilverhoundTests;
			productName = SilverhoundTests;
			productReference = 64858A361AB21375006E496D /* SilverhoundTests.xctest */;
			productType = "com.apple.product-type.bundle.unit-test";
		};
/* End PBXNativeTarget section */

/* Begin PBXProject section */
		64858A121AB21375006E496D /* Project object */ = {
			isa = PBXProject;
			attributes = {
				LastUpgradeCheck = 0610;
				ORGANIZATIONNAME = devinney;
				TargetAttributes = {
					64858A191AB21375006E496D = {
						CreatedOnToolsVersion = 6.1.1;
					};
					64858A351AB21375006E496D = {
						CreatedOnToolsVersion = 6.1.1;
						TestTargetID = 64858A191AB21375006E496D;
					};
				};
			};
			buildConfigurationList = 64858A151AB21375006E496D /* Build configuration list for PBXProject "Silverhound" */;
			compatibilityVersion = "Xcode 3.2";
			developmentRegion = English;
			hasScannedForEncodings = 0;
			knownRegions = (
				en,
				Base,
			);
			mainGroup = 64858A111AB21375006E496D;
			productRefGroup = 64858A1B1AB21375006E496D /* Products */;
			projectDirPath = "";
			projectRoot = "";
			targets = (
				64858A191AB21375006E496D /* Silverhound */,
				64858A351AB21375006E496D /* SilverhoundTests */,
			);
		};
/* End PBXProject section */

/* Begin PBXResourcesBuildPhase section */
		64858A181AB21375006E496D /* Resources */ = {
			isa = PBXResourcesBuildPhase;
			buildActionMask = 2147483647;
			files = (
				647E90F41ACAEA06008D975B /* Germany.png in Resources */,
				64DF1F0E1ACCF3AF00C20993 /* FDRDimeR.png in Resources */,
				647E90FB1ACAEA06008D975B /* United States.png in Resources */,
				64DF1F2F1ACCFC1700C20993 /* FR100FSoLPFO.png in Resources */,
				64DF1F171ACCF3AF00C20993 /* FranklinHalfO.png in Resources */,
				64858A2C1AB21375006E496D /* Main.storyboard in Resources */,
				64DF1F051ACCF3AF00C20993 /* CH50centO.png in Resources */,
				64DF1F1A1ACCF3AF00C20993 /* LibertyDimeR.png in Resources */,
				64DF1F151ACCF3AF00C20993 /* FR100FSoLO.png in Resources */,
				647E90F71ACAEA06008D975B /* Mexico.png in Resources */,
				64DF1F071ACCF3AF00C20993 /* DCanadaE2EarlyO.png in Resources */,
				64DF1F211ACCF3AF00C20993 /* PeaceO.png in Resources */,
				64DF1F0A1ACCF3AF00C20993 /* DCanadaE2MidR.png in Resources */,
				64DF1F241ACCF3AF00C20993 /* QBalboaR.png in Resources */,
				64DF1F001ACCF3AF00C20993 /* CH1FR.png in Resources */,
				64DF1F141ACCF3AF00C20993 /* FR50centR.png in Resources */,
				64DF1F191ACCF3AF00C20993 /* LibertyDimeO.png in Resources */,
				648352741AB9CC3A00F85818 /* icon.png in Resources */,
				64DF1F231ACCF3AF00C20993 /* QBalboaO.png in Resources */,
				64DF1EFF1ACCF3AF00C20993 /* CH1FO.png in Resources */,
				64DF1F221ACCF3AF00C20993 /* PeaceR.png in Resources */,
				64B1AD5E1AC0F4A90087A656 /* ur-Silverhound.sqlite in Resources */,
				64DF1F2B1ACCF3AF00C20993 /* WashQuarterO.png in Resources */,
				647E90F91ACAEA06008D975B /* Phillipines.png in Resources */,
				64DF1F031ACCF3AF00C20993 /* CH5FO.png in Resources */,
				64DF1F111ACCF3AF00C20993 /* FR10FHerculeO.png in Resources */,
				64DF1F0D1ACCF3AF00C20993 /* FDRDimeO.png in Resources */,
				64DF1F121ACCF3AF00C20993 /* FR10FHerculeR.png in Resources */,
				647E90F01ACAEA06008D975B /* Austria.png in Resources */,
				64DF1F201ACCF3AF00C20993 /* MorganR.png in Resources */,
				647E90F81ACAEA06008D975B /* Panama.png in Resources */,
				64DF1F101ACCF3AF00C20993 /* FR5FSemeuseR.png in Resources */,
				64DF1F1F1ACCF3AF00C20993 /* MorganO.png in Resources */,
				647E90F31ACAEA06008D975B /* France.png in Resources */,
				64DF1F251ACCF3AF00C20993 /* QCanadaEarlyE2O.png in Resources */,
				64DF1F1E1ACCF3AF00C20993 /* LibertyQuarterR.png in Resources */,
				64DF1F1D1ACCF3AF00C20993 /* LibertyQuarterO.png in Resources */,
				64DF1F301ACCFC1700C20993 /* FR100FSoLPFR.png in Resources */,
				64DF1F061ACCF3AF00C20993 /* CH50centR.png in Resources */,
				647E90F51ACAEA06008D975B /* Greece.png in Resources */,
				64DF1F0F1ACCF3AF00C20993 /* FR5FSemeuseO.png in Resources */,
				648352731AB9CC3A00F85818 /* Default.png in Resources */,
				64DF1F021ACCF3AF00C20993 /* CH2FR.png in Resources */,
				647E90F11ACAEA06008D975B /* Belgium.png in Resources */,
				64DF1F291ACCF3AF00C20993 /* QCanadaGeorge6O.png in Resources */,
				64DF1F0C1ACCF3AF00C20993 /* DCanadaG6R.png in Resources */,
				647E90FA1ACAEA06008D975B /* Russia.png in Resources */,
				647E90F21ACAEA06008D975B /* Canada.png in Resources */,
				64DF1F271ACCF3AF00C20993 /* QCanadaGeorge5O.png in Resources */,
				64DF1F161ACCF3AF00C20993 /* FR100FSoLR.png in Resources */,
				64DF1F1B1ACCF3AF00C20993 /* LibertyHalfO.png in Resources */,
				64858A311AB21375006E496D /* LaunchScreen.xib in Resources */,
				64DF1F011ACCF3AF00C20993 /* CH2FO.png in Resources */,
				64DF1F1C1ACCF3AF00C20993 /* LibertyHalfR.png in Resources */,
				64DF1F261ACCF3AF00C20993 /* QCanadaEarlyE2R.png in Resources */,
				64DF1F0B1ACCF3AF00C20993 /* DCanadaG6O.png in Resources */,
				64DF1F2A1ACCF3AF00C20993 /* QCanadaGeorge6R.png in Resources */,
				64858A2E1AB21375006E496D /* Images.xcassets in Resources */,
				647E90F61ACAEA06008D975B /* Ireland.png in Resources */,
				647E91031ACB3C42008D975B /* FR50FHerculeO.png in Resources */,
				649986831AB215A900045F5A /* Contents.json in Resources */,
				647E90FD1ACAEAE9008D975B /* Switzerland.png in Resources */,
				647E90EF1ACAEA06008D975B /* United Kingdom.png in Resources */,
				64DF1F281ACCF3AF00C20993 /* QCanadaGeorge5R.png in Resources */,
				64DF1F081ACCF3AF00C20993 /* DCanadaE2EarlyR.png in Resources */,
				64DF1F2C1ACCF3AF00C20993 /* WashQuarterR.png in Resources */,
				647E91041ACB3C42008D975B /* FR50FHerculeR.png in Resources */,
				64DF1F091ACCF3AF00C20993 /* DCanadaE2MidO.png in Resources */,
				64DF1F131ACCF3AF00C20993 /* FR50centO.png in Resources */,
				64DF1F181ACCF3AF00C20993 /* FranklinHalfR.png in Resources */,
				64DF1F041ACCF3AF00C20993 /* CH5FR.png in Resources */,
			);
			runOnlyForDeploymentPostprocessing = 0;
		};
		64858A341AB21375006E496D /* Resources */ = {
			isa = PBXResourcesBuildPhase;
			buildActionMask = 2147483647;
			files = (
			);
			runOnlyForDeploymentPostprocessing = 0;
		};
/* End PBXResourcesBuildPhase section */

/* Begin PBXSourcesBuildPhase section */
		64858A161AB21375006E496D /* Sources */ = {
			isa = PBXSourcesBuildPhase;
			buildActionMask = 2147483647;
			files = (
				64C15C7E1AC3626F001BA1B1 /* CoinDetailViewController.m in Sources */,
				64858A231AB21375006E496D /* AppDelegate.m in Sources */,
				6499868F1AB2713200045F5A /* CoinTableViewCell.m in Sources */,
				641AE17E1ABD0AF20003ADAA /* Coin.m in Sources */,
				649986961AB2749F00045F5A /* CoinTableViewController.m in Sources */,
				64C158961AC32D2E001BA1B1 /* CountryHeaderViewCell.m in Sources */,
				64858A201AB21375006E496D /* main.m in Sources */,
				64858A261AB21375006E496D /* Silverhound.xcdatamodeld in Sources */,
			);
			runOnlyForDeploymentPostprocessing = 0;
		};
		64858A321AB21375006E496D /* Sources */ = {
			isa = PBXSourcesBuildPhase;
			buildActionMask = 2147483647;
			files = (
				64858A3D1AB21375006E496D /* SilverhoundTests.m in Sources */,
			);
			runOnlyForDeploymentPostprocessing = 0;
		};
/* End PBXSourcesBuildPhase section */

/* Begin PBXTargetDependency section */
		64858A381AB21375006E496D /* PBXTargetDependency */ = {
			isa = PBXTargetDependency;
			target = 64858A191AB21375006E496D /* Silverhound */;
			targetProxy = 64858A371AB21375006E496D /* PBXContainerItemProxy */;
		};
/* End PBXTargetDependency section */

/* Begin PBXVariantGroup section */
		64858A2A1AB21375006E496D /* Main.storyboard */ = {
			isa = PBXVariantGroup;
			children = (
				64858A2B1AB21375006E496D /* Base */,
			);
			name = Main.storyboard;
			sourceTree = "<group>";
		};
		64858A2F1AB21375006E496D /* LaunchScreen.xib */ = {
			isa = PBXVariantGroup;
			children = (
				64858A301AB21375006E496D /* Base */,
			);
			name = LaunchScreen.xib;
			path = Silverhound;
			sourceTree = "<group>";
		};
/* End PBXVariantGroup section */

/* Begin XCBuildConfiguration section */
		64858A3E1AB21375006E496D /* Debug */ = {
			isa = XCBuildConfiguration;
			buildSettings = {
				ALWAYS_SEARCH_USER_PATHS = NO;
				CLANG_CXX_LANGUAGE_STANDARD = "gnu++0x";
				CLANG_CXX_LIBRARY = "libc++";
				CLANG_ENABLE_MODULES = YES;
				CLANG_ENABLE_OBJC_ARC = YES;
				CLANG_WARN_BOOL_CONVERSION = YES;
				CLANG_WARN_CONSTANT_CONVERSION = YES;
				CLANG_WARN_DIRECT_OBJC_ISA_USAGE = YES_ERROR;
				CLANG_WARN_EMPTY_BODY = YES;
				CLANG_WARN_ENUM_CONVERSION = YES;
				CLANG_WARN_INT_CONVERSION = YES;
				CLANG_WARN_OBJC_ROOT_CLASS = YES_ERROR;
				CLANG_WARN_UNREACHABLE_CODE = YES;
				CLANG_WARN__DUPLICATE_METHOD_MATCH = YES;
				CODE_SIGN_IDENTITY = "iPhone Distribution: E Devinney (2797B869KN)";
				"CODE_SIGN_IDENTITY[sdk=iphoneos*]" = "iPhone Distribution: E Devinney (2797B869KN)";
				COPY_PHASE_STRIP = NO;
				ENABLE_STRICT_OBJC_MSGSEND = YES;
				GCC_C_LANGUAGE_STANDARD = gnu99;
				GCC_DYNAMIC_NO_PIC = NO;
				GCC_OPTIMIZATION_LEVEL = 0;
				GCC_PREPROCESSOR_DEFINITIONS = (
					"DEBUG=1",
					"$(inherited)",
				);
				GCC_SYMBOLS_PRIVATE_EXTERN = NO;
				GCC_WARN_64_TO_32_BIT_CONVERSION = YES;
				GCC_WARN_ABOUT_RETURN_TYPE = YES_ERROR;
				GCC_WARN_UNDECLARED_SELECTOR = YES;
				GCC_WARN_UNINITIALIZED_AUTOS = YES_AGGRESSIVE;
				GCC_WARN_UNUSED_FUNCTION = YES;
				GCC_WARN_UNUSED_VARIABLE = YES;
				IPHONEOS_DEPLOYMENT_TARGET = 8.1;
				MTL_ENABLE_DEBUG_INFO = YES;
				ONLY_ACTIVE_ARCH = YES;
				SDKROOT = iphoneos;
			};
			name = Debug;
		};
		64858A3F1AB21375006E496D /* Release */ = {
			isa = XCBuildConfiguration;
			buildSettings = {
				ALWAYS_SEARCH_USER_PATHS = NO;
				CLANG_CXX_LANGUAGE_STANDARD = "gnu++0x";
				CLANG_CXX_LIBRARY = "libc++";
				CLANG_ENABLE_MODULES = YES;
				CLANG_ENABLE_OBJC_ARC = YES;
				CLANG_WARN_BOOL_CONVERSION = YES;
				CLANG_WARN_CONSTANT_CONVERSION = YES;
				CLANG_WARN_DIRECT_OBJC_ISA_USAGE = YES_ERROR;
				CLANG_WARN_EMPTY_BODY = YES;
				CLANG_WARN_ENUM_CONVERSION = YES;
				CLANG_WARN_INT_CONVERSION = YES;
				CLANG_WARN_OBJC_ROOT_CLASS = YES_ERROR;
				CLANG_WARN_UNREACHABLE_CODE = YES;
				CLANG_WARN__DUPLICATE_METHOD_MATCH = YES;
				CODE_SIGN_IDENTITY = "iPhone Distribution: E Devinney (2797B869KN)";
				"CODE_SIGN_IDENTITY[sdk=iphoneos*]" = "iPhone Distribution: E Devinney (2797B869KN)";
				COPY_PHASE_STRIP = YES;
				ENABLE_NS_ASSERTIONS = NO;
				ENABLE_STRICT_OBJC_MSGSEND = YES;
				GCC_C_LANGUAGE_STANDARD = gnu99;
				GCC_WARN_64_TO_32_BIT_CONVERSION = YES;
				GCC_WARN_ABOUT_RETURN_TYPE = YES_ERROR;
				GCC_WARN_UNDECLARED_SELECTOR = YES;
				GCC_WARN_UNINITIALIZED_AUTOS = YES_AGGRESSIVE;
				GCC_WARN_UNUSED_FUNCTION = YES;
				GCC_WARN_UNUSED_VARIABLE = YES;
				IPHONEOS_DEPLOYMENT_TARGET = 8.1;
				MTL_ENABLE_DEBUG_INFO = NO;
				SDKROOT = iphoneos;
				VALIDATE_PRODUCT = YES;
			};
			name = Release;
		};
		64858A411AB21375006E496D /* Debug */ = {
			isa = XCBuildConfiguration;
			buildSettings = {
				ASSETCATALOG_COMPILER_APPICON_NAME = AppIcon;
				INFOPLIST_FILE = Silverhound/Info.plist;
				LD_RUNPATH_SEARCH_PATHS = "$(inherited) @executable_path/Frameworks";
				PRODUCT_NAME = "$(TARGET_NAME)";
			};
			name = Debug;
		};
		64858A421AB21375006E496D /* Release */ = {
			isa = XCBuildConfiguration;
			buildSettings = {
				ASSETCATALOG_COMPILER_APPICON_NAME = AppIcon;
				INFOPLIST_FILE = Silverhound/Info.plist;
				LD_RUNPATH_SEARCH_PATHS = "$(inherited) @executable_path/Frameworks";
				PRODUCT_NAME = "$(TARGET_NAME)";
			};
			name = Release;
		};
		64858A441AB21375006E496D /* Debug */ = {
			isa = XCBuildConfiguration;
			buildSettings = {
				BUNDLE_LOADER = "$(TEST_HOST)";
				FRAMEWORK_SEARCH_PATHS = (
					"$(SDKROOT)/Developer/Library/Frameworks",
					"$(inherited)",
				);
				GCC_PREPROCESSOR_DEFINITIONS = (
					"DEBUG=1",
					"$(inherited)",
				);
				INFOPLIST_FILE = SilverhoundTests/Info.plist;
				LD_RUNPATH_SEARCH_PATHS = "$(inherited) @executable_path/Frameworks @loader_path/Frameworks";
				PRODUCT_NAME = "$(TARGET_NAME)";
				TEST_HOST = "$(BUILT_PRODUCTS_DIR)/Silverhound.app/Silverhound";
			};
			name = Debug;
		};
		64858A451AB21375006E496D /* Release */ = {
			isa = XCBuildConfiguration;
			buildSettings = {
				BUNDLE_LOADER = "$(TEST_HOST)";
				FRAMEWORK_SEARCH_PATHS = (
					"$(SDKROOT)/Developer/Library/Frameworks",
					"$(inherited)",
				);
				INFOPLIST_FILE = SilverhoundTests/Info.plist;
				LD_RUNPATH_SEARCH_PATHS = "$(inherited) @executable_path/Frameworks @loader_path/Frameworks";
				PRODUCT_NAME = "$(TARGET_NAME)";
				TEST_HOST = "$(BUILT_PRODUCTS_DIR)/Silverhound.app/Silverhound";
			};
			name = Release;
		};
/* End XCBuildConfiguration section */

/* Begin XCConfigurationList section */
		64858A151AB21375006E496D /* Build configuration list for PBXProject "Silverhound" */ = {
			isa = XCConfigurationList;
			buildConfigurations = (
				64858A3E1AB21375006E496D /* Debug */,
				64858A3F1AB21375006E496D /* Release */,
			);
			defaultConfigurationIsVisible = 0;
			defaultConfigurationName = Release;
		};
		64858A401AB21375006E496D /* Build configuration list for PBXNativeTarget "Silverhound" */ = {
			isa = XCConfigurationList;
			buildConfigurations = (
				64858A411AB21375006E496D /* Debug */,
				64858A421AB21375006E496D /* Release */,
			);
			defaultConfigurationIsVisible = 0;
			defaultConfigurationName = Release;
		};
		64858A431AB21375006E496D /* Build configuration list for PBXNativeTarget "SilverhoundTests" */ = {
			isa = XCConfigurationList;
			buildConfigurations = (
				64858A441AB21375006E496D /* Debug */,
				64858A451AB21375006E496D /* Release */,
			);
			defaultConfigurationIsVisible = 0;
			defaultConfigurationName = Release;
		};
/* End XCConfigurationList section */

/* Begin XCVersionGroup section */
		64858A241AB21375006E496D /* Silverhound.xcdatamodeld */ = {
			isa = XCVersionGroup;
			children = (
				649ABFDE1ABA2BEF001A35E2 /* Silverhound 2.xcdatamodel */,
				64858A251AB21375006E496D /* Silverhound.xcdatamodel */,
			);
			currentVersion = 64858A251AB21375006E496D /* Silverhound.xcdatamodel */;
			path = Silverhound.xcdatamodeld;
			sourceTree = "<group>";
			versionGroupType = wrapper.xcdatamodel;
		};
/* End XCVersionGroup section */
	};
	rootObject = 64858A121AB21375006E496D /* Project object */;
}
